
Microsoft Visual Studio Solution File, Format Version 12.00
# Visual Studio Version 17
VisualStudioVersion = 17.0.31903.59
MinimumVisualStudioVersion = 10.0.40219.1
Project("{FAE04EC0-301F-11D3-BF4B-00C04F79EFBC}") = "Base10.SparkplugB.Protocol", "Base10.SparkplugB.Protocol\Base10.SparkplugB.Protocol.csproj", "{CE27AB0B-7A97-4E2A-A417-0094770F15B1}"
EndProject
Global
	GlobalSection(SolutionConfigurationPlatforms) = preSolution
		Debug|Any CPU = Debug|Any CPU
		Release|Any CPU = Release|Any CPU
	EndGlobalSection
	GlobalSection(SolutionProperties) = preSolution
		HideSolutionNode = FALSE
	EndGlobalSection
	GlobalSection(ProjectConfigurationPlatforms) = postSolution
		{CE27AB0B-7A97-4E2A-A417-0094770F15B1}.Debug|Any CPU.ActiveCfg = Debug|Any CPU
		{CE27AB0B-7A97-4E2A-A417-0094770F15B1}.Debug|Any CPU.Build.0 = Debug|Any CPU
		{CE27AB0B-7A97-4E2A-A417-0094770F15B1}.Release|Any CPU.ActiveCfg = Release|Any CPU
		{CE27AB0B-7A97-4E2A-A417-0094770F15B1}.Release|Any CPU.Build.0 = Release|Any CPU
	EndGlobalSection
EndGlobal
